
Microsoft Visual Studio Solution File, Format Version 12.00
# Visual Studio Version 17
VisualStudioVersion = 17.5.33516.290
MinimumVisualStudioVersion = 10.0.40219.1
Project("{FAE04EC0-301F-11D3-BF4B-00C04F79EFBC}") = "TestHttpClient", "TestHttpClient\TestHttpClient.csproj", "{C459B165-2644-49C5-AFB3-DB2E3855D3F3}"
EndProject
Project("{FAE04EC0-301F-11D3-BF4B-00C04F79EFBC}") = "WebApplication1", "WebApplication1\WebApplication1.csproj", "{3D98C526-317C-4C66-95A0-2C0D699CC3D0}"
EndProject
Global
	GlobalSection(SolutionConfigurationPlatforms) = preSolution
		Debug|Any CPU = Debug|Any CPU
		Release|Any CPU = Release|Any CPU
	EndGlobalSection
	GlobalSection(ProjectConfigurationPlatforms) = postSolution
		{C459B165-2644-49C5-AFB3-DB2E3855D3F3}.Debug|Any CPU.ActiveCfg = Debug|Any CPU
		{C459B165-2644-49C5-AFB3-DB2E3855D3F3}.Debug|Any CPU.Build.0 = Debug|Any CPU
		{C459B165-2644-49C5-AFB3-DB2E3855D3F3}.Release|Any CPU.ActiveCfg = Release|Any CPU
		{C459B165-2644-49C5-AFB3-DB2E3855D3F3}.Release|Any CPU.Build.0 = Release|Any CPU
		{3D98C526-317C-4C66-95A0-2C0D699CC3D0}.Debug|Any CPU.ActiveCfg = Debug|Any CPU
		{3D98C526-317C-4C66-95A0-2C0D699CC3D0}.Debug|Any CPU.Build.0 = Debug|Any CPU
		{3D98C526-317C-4C66-95A0-2C0D699CC3D0}.Release|Any CPU.ActiveCfg = Release|Any CPU
		{3D98C526-317C-4C66-95A0-2C0D699CC3D0}.Release|Any CPU.Build.0 = Release|Any CPU
	EndGlobalSection
	GlobalSection(SolutionProperties) = preSolution
		HideSolutionNode = FALSE
	EndGlobalSection
	GlobalSection(ExtensibilityGlobals) = postSolution
		SolutionGuid = {9B5E8951-DFF6-4E4B-9D9A-D4F005C86DDB}
	EndGlobalSection
EndGlobal
